
Microsoft Visual Studio Solution File, Format Version 12.00
# Visual Studio Version 16
VisualStudioVersion = 16.0.30309.148
MinimumVisualStudioVersion = 10.0.40219.1
Project("{9A19103F-16F7-4668-BE54-9A1E7A4F7556}") = "Neurotech.Api", "Neurotech.Api\Neurotech.Api.csproj", "{C9D7C26B-53BC-4DFA-977A-6E224557038B}"
EndProject
Project("{9A19103F-16F7-4668-BE54-9A1E7A4F7556}") = "Neurotech.Application", "Neurotech.Application\Neurotech.Application.csproj", "{CC335943-DF5E-4254-A0AF-B500E30CF4C7}"
EndProject
Project("{9A19103F-16F7-4668-BE54-9A1E7A4F7556}") = "Neurotech.Services", "Neurotech.Services\Neurotech.Services.csproj", "{BA2B6D72-B0CA-4FDF-A6DB-D652E38C6688}"
EndProject
Project("{9A19103F-16F7-4668-BE54-9A1E7A4F7556}") = "Neurotech.Api.Clients", "Neurotech.Api.Clients\Neurotech.Api.Clients.csproj", "{4E66EE8E-C185-4842-A4D8-83B6A773C38D}"
EndProject
Global
	GlobalSection(SolutionConfigurationPlatforms) = preSolution
		Debug|Any CPU = Debug|Any CPU
		Release|Any CPU = Release|Any CPU
	EndGlobalSection
	GlobalSection(ProjectConfigurationPlatforms) = postSolution
		{C9D7C26B-53BC-4DFA-977A-6E224557038B}.Debug|Any CPU.ActiveCfg = Debug|Any CPU
		{C9D7C26B-53BC-4DFA-977A-6E224557038B}.Debug|Any CPU.Build.0 = Debug|Any CPU
		{C9D7C26B-53BC-4DFA-977A-6E224557038B}.Release|Any CPU.ActiveCfg = Release|Any CPU
		{C9D7C26B-53BC-4DFA-977A-6E224557038B}.Release|Any CPU.Build.0 = Release|Any CPU
		{CC335943-DF5E-4254-A0AF-B500E30CF4C7}.Debug|Any CPU.ActiveCfg = Debug|Any CPU
		{CC335943-DF5E-4254-A0AF-B500E30CF4C7}.Debug|Any CPU.Build.0 = Debug|Any CPU
		{CC335943-DF5E-4254-A0AF-B500E30CF4C7}.Release|Any CPU.ActiveCfg = Release|Any CPU
		{CC335943-DF5E-4254-A0AF-B500E30CF4C7}.Release|Any CPU.Build.0 = Release|Any CPU
		{BA2B6D72-B0CA-4FDF-A6DB-D652E38C6688}.Debug|Any CPU.ActiveCfg = Debug|Any CPU
		{BA2B6D72-B0CA-4FDF-A6DB-D652E38C6688}.Debug|Any CPU.Build.0 = Debug|Any CPU
		{BA2B6D72-B0CA-4FDF-A6DB-D652E38C6688}.Release|Any CPU.ActiveCfg = Release|Any CPU
		{BA2B6D72-B0CA-4FDF-A6DB-D652E38C6688}.Release|Any CPU.Build.0 = Release|Any CPU
		{4E66EE8E-C185-4842-A4D8-83B6A773C38D}.Debug|Any CPU.ActiveCfg = Debug|Any CPU
		{4E66EE8E-C185-4842-A4D8-83B6A773C38D}.Debug|Any CPU.Build.0 = Debug|Any CPU
		{4E66EE8E-C185-4842-A4D8-83B6A773C38D}.Release|Any CPU.ActiveCfg = Release|Any CPU
		{4E66EE8E-C185-4842-A4D8-83B6A773C38D}.Release|Any CPU.Build.0 = Release|Any CPU
	EndGlobalSection
	GlobalSection(SolutionProperties) = preSolution
		HideSolutionNode = FALSE
	EndGlobalSection
	GlobalSection(ExtensibilityGlobals) = postSolution
		SolutionGuid = {7FA85BC3-F52D-4067-8415-BCFD31A24F62}
	EndGlobalSection
EndGlobal
